
Microsoft Visual Studio Solution File, Format Version 12.00
# Visual Studio 15
VisualStudioVersion = 15.0.28307.102
MinimumVisualStudioVersion = 10.0.40219.1
Project("{9A19103F-16F7-4668-BE54-9A1E7A4F7556}") = "BlinkdotNet", "BlinkdotNet\BlinkdotNet.csproj", "{28B8C107-001C-4C0D-AA16-014F6C4D2AB8}"
EndProject
Project("{9A19103F-16F7-4668-BE54-9A1E7A4F7556}") = "Blink.Api.Tests", "Blink.Api.Tests\Blink.Api.Tests.csproj", "{C66866D1-A6B2-4592-919C-7D156CF1BD91}"
EndProject
Project("{2150E333-8FDC-42A3-9474-1A3956D46DE8}") = "Solution Items", "Solution Items", "{E5B2FD78-DA37-4D10-81B0-0CAA6FE32B93}"
	ProjectSection(SolutionItems) = preProject
		build.bat = build.bat
	EndProjectSection
EndProject
Global
	GlobalSection(SolutionConfigurationPlatforms) = preSolution
		Debug|Any CPU = Debug|Any CPU
		Release|Any CPU = Release|Any CPU
	EndGlobalSection
	GlobalSection(ProjectConfigurationPlatforms) = postSolution
		{28B8C107-001C-4C0D-AA16-014F6C4D2AB8}.Debug|Any CPU.ActiveCfg = Debug|Any CPU
		{28B8C107-001C-4C0D-AA16-014F6C4D2AB8}.Debug|Any CPU.Build.0 = Debug|Any CPU
		{28B8C107-001C-4C0D-AA16-014F6C4D2AB8}.Release|Any CPU.ActiveCfg = Release|Any CPU
		{28B8C107-001C-4C0D-AA16-014F6C4D2AB8}.Release|Any CPU.Build.0 = Release|Any CPU
		{C66866D1-A6B2-4592-919C-7D156CF1BD91}.Debug|Any CPU.ActiveCfg = Debug|Any CPU
		{C66866D1-A6B2-4592-919C-7D156CF1BD91}.Debug|Any CPU.Build.0 = Debug|Any CPU
		{C66866D1-A6B2-4592-919C-7D156CF1BD91}.Release|Any CPU.ActiveCfg = Release|Any CPU
		{C66866D1-A6B2-4592-919C-7D156CF1BD91}.Release|Any CPU.Build.0 = Release|Any CPU
	EndGlobalSection
	GlobalSection(SolutionProperties) = preSolution
		HideSolutionNode = FALSE
	EndGlobalSection
	GlobalSection(ExtensibilityGlobals) = postSolution
		SolutionGuid = {D7D55773-F916-4E7E-85D5-5C71851F56BF}
	EndGlobalSection
EndGlobal
